Microsoft Visual Studio Solution File, Format Version 12.00
# Visual Studio Version 17
VisualStudioVersion = 17.5.2.0
MinimumVisualStudioVersion = 10.0.40219.1
Project("{2150E333-8FDC-42A3-9474-1A3956D46DE8}") = "services", "services", "{5854FF58-B8C5-05C6-5BF2-ACE42193F22B}"
EndProject
Project("{FAE04EC0-301F-11D3-BF4B-00C04F79EFBC}") = "TradingEngine.API", "services\TradingEngine.API\TradingEngine.API.csproj", "{50A04477-A70E-1F22-FD1F-7E9B875F9D58}"
EndProject
Global
	GlobalSection(SolutionConfigurationPlatforms) = preSolution
		Debug|Any CPU = Debug|Any CPU
		Release|Any CPU = Release|Any CPU
	EndGlobalSection
	GlobalSection(ProjectConfigurationPlatforms) = postSolution
		{50A04477-A70E-1F22-FD1F-7E9B875F9D58}.Debug|Any CPU.ActiveCfg = Debug|Any CPU
		{50A04477-A70E-1F22-FD1F-7E9B875F9D58}.Debug|Any CPU.Build.0 = Debug|Any CPU
		{50A04477-A70E-1F22-FD1F-7E9B875F9D58}.Release|Any CPU.ActiveCfg = Release|Any CPU
		{50A04477-A70E-1F22-FD1F-7E9B875F9D58}.Release|Any CPU.Build.0 = Release|Any CPU
	EndGlobalSection
	GlobalSection(SolutionProperties) = preSolution
		HideSolutionNode = FALSE
	EndGlobalSection
	GlobalSection(NestedProjects) = preSolution
		{50A04477-A70E-1F22-FD1F-7E9B875F9D58} = {5854FF58-B8C5-05C6-5BF2-ACE42193F22B}
	EndGlobalSection
	GlobalSection(ExtensibilityGlobals) = postSolution
		SolutionGuid = {20834AF5-5DF1-4887-83D2-561E6750B14C}
	EndGlobalSection
EndGlobal
